// !$*UTF8*$!
{
	archiveVersion = 1;
	classes = {
	};
	objectVersion = 56;
	objects = {

/* Begin PBXBuildFile section */
		50B2CF8C2BD97F0000B6A323 /* Regions.swift in Sources */ = {isa = PBXBuildFile; fileRef = 50B2CF8B2BD97F0000B6A323 /* Regions.swift */; };
		50F6BFB62BD4CA6600B62F1D /* AirbnbCloneApp.swift in Sources */ = {isa = PBXBuildFile; fileRef = 50F6BFB52BD4CA6600B62F1D /* AirbnbCloneApp.swift */; };
		50F6BFB82BD4CA6600B62F1D /* ContentView.swift in Sources */ = {isa = PBXBuildFile; fileRef = 50F6BFB72BD4CA6600B62F1D /* ContentView.swift */; };
		50F6BFBA2BD4CA6700B62F1D /* Assets.xcassets in Resources */ = {isa = PBXBuildFile; fileRef = 50F6BFB92BD4CA6700B62F1D /* Assets.xcassets */; };
		50F6BFBD2BD4CA6700B62F1D /* Preview Assets.xcassets in Resources */ = {isa = PBXBuildFile; fileRef = 50F6BFBC2BD4CA6700B62F1D /* Preview Assets.xcassets */; };
		50F6BFC72BD4CA6700B62F1D /* AirbnbCloneTests.swift in Sources */ = {isa = PBXBuildFile; fileRef = 50F6BFC62BD4CA6700B62F1D /* AirbnbCloneTests.swift */; };
		50F6BFD12BD4CA6700B62F1D /* AirbnbCloneUITests.swift in Sources */ = {isa = PBXBuildFile; fileRef = 50F6BFD02BD4CA6700B62F1D /* AirbnbCloneUITests.swift */; };
		50F6BFD32BD4CA6700B62F1D /* AirbnbCloneUITestsLaunchTests.swift in Sources */ = {isa = PBXBuildFile; fileRef = 50F6BFD22BD4CA6700B62F1D /* AirbnbCloneUITestsLaunchTests.swift */; };
		50F6BFEC2BD4CD7100B62F1D /* ExploreView.swift in Sources */ = {isa = PBXBuildFile; fileRef = 50F6BFEB2BD4CD7100B62F1D /* ExploreView.swift */; };
		50F6BFF22BD4CF4200B62F1D /* ListingItemView.swift in Sources */ = {isa = PBXBuildFile; fileRef = 50F6BFF12BD4CF4200B62F1D /* ListingItemView.swift */; };
		50F6BFF42BD542FF00B62F1D /* SearchAndFilterBar.swift in Sources */ = {isa = PBXBuildFile; fileRef = 50F6BFF32BD542FF00B62F1D /* SearchAndFilterBar.swift */; };
		50F6BFF62BD54A7C00B62F1D /* ListingDetailView.swift in Sources */ = {isa = PBXBuildFile; fileRef = 50F6BFF52BD54A7C00B62F1D /* ListingDetailView.swift */; };
		50F6BFF92BD54D7300B62F1D /* ListingImageCarouselView.swift in Sources */ = {isa = PBXBuildFile; fileRef = 50F6BFF82BD54D7300B62F1D /* ListingImageCarouselView.swift */; };
		50F6BFFD2BD6786E00B62F1D /* ListingMapView.swift in Sources */ = {isa = PBXBuildFile; fileRef = 50F6BFFC2BD6786E00B62F1D /* ListingMapView.swift */; };
		50F6BFFF2BD67FB100B62F1D /* DestinationSearchView.swift in Sources */ = {isa = PBXBuildFile; fileRef = 50F6BFFE2BD67FB100B62F1D /* DestinationSearchView.swift */; };
		50F6C0012BD933DD00B62F1D /* ProfileView.swift in Sources */ = {isa = PBXBuildFile; fileRef = 50F6C0002BD933DD00B62F1D /* ProfileView.swift */; };
		50F6C0032BD9375000B62F1D /* ProfileOptionRowView.swift in Sources */ = {isa = PBXBuildFile; fileRef = 50F6C0022BD9375000B62F1D /* ProfileOptionRowView.swift */; };
		50F6C0052BD9395F00B62F1D /* WishlistsView.swift in Sources */ = {isa = PBXBuildFile; fileRef = 50F6C0042BD9395F00B62F1D /* WishlistsView.swift */; };
		50F6C0072BD93C7800B62F1D /* MainTabView.swift in Sources */ = {isa = PBXBuildFile; fileRef = 50F6C0062BD93C7800B62F1D /* MainTabView.swift */; };
		50F6C00B2BD9439B00B62F1D /* Listing.swift in Sources */ = {isa = PBXBuildFile; fileRef = 50F6C00A2BD9439B00B62F1D /* Listing.swift */; };
		50F6C00D2BD94C9700B62F1D /* DeveloperPreview.swift in Sources */ = {isa = PBXBuildFile; fileRef = 50F6C00C2BD94C9700B62F1D /* DeveloperPreview.swift */; };
		50F6C0122BD9543B00B62F1D /* ExploreViewModel.swift in Sources */ = {isa = PBXBuildFile; fileRef = 50F6C0112BD9543B00B62F1D /* ExploreViewModel.swift */; };
		50F6C0142BD9551F00B62F1D /* ExploreService.swift in Sources */ = {isa = PBXBuildFile; fileRef = 50F6C0132BD9551F00B62F1D /* ExploreService.swift */; };
/* End PBXBuildFile section */

/* Begin PBXContainerItemProxy section */
		50F6BFC32BD4CA6700B62F1D /* PBXContainerItemProxy */ = {
			isa = PBXContainerItemProxy;
			containerPortal = 50F6BFAA2BD4CA6600B62F1D /* Project object */;
			proxyType = 1;
			remoteGlobalIDString = 50F6BFB12BD4CA6600B62F1D;
			remoteInfo = AirbnbClone;
		};
		50F6BFCD2BD4CA6700B62F1D /* PBXContainerItemProxy */ = {
			isa = PBXContainerItemProxy;
			containerPortal = 50F6BFAA2BD4CA6600B62F1D /* Project object */;
			proxyType = 1;
			remoteGlobalIDString = 50F6BFB12BD4CA6600B62F1D;
			remoteInfo = AirbnbClone;
		};
/* End PBXContainerItemProxy section */

/* Begin PBXFileReference section */
		50B2CF8B2BD97F0000B6A323 /* Regions.swift */ = {isa = PBXFileReference; lastKnownFileType = sourcecode.swift; path = Regions.swift; sourceTree = "<group>"; };
		50F6BFB22BD4CA6600B62F1D /* AirbnbClone.app */ = {isa = PBXFileReference; explicitFileType = wrapper.application; includeInIndex = 0; path = AirbnbClone.app; sourceTree = BUILT_PRODUCTS_DIR; };
		50F6BFB52BD4CA6600B62F1D /* AirbnbCloneApp.swift */ = {isa = PBXFileReference; lastKnownFileType = sourcecode.swift; path = AirbnbCloneApp.swift; sourceTree = "<group>"; };
		50F6BFB72BD4CA6600B62F1D /* ContentView.swift */ = {isa = PBXFileReference; lastKnownFileType = sourcecode.swift; path = ContentView.swift; sourceTree = "<group>"; };
		50F6BFB92BD4CA6700B62F1D /* Assets.xcassets */ = {isa = PBXFileReference; lastKnownFileType = folder.assetcatalog; path = Assets.xcassets; sourceTree = "<group>"; };
		50F6BFBC2BD4CA6700B62F1D /* Preview Assets.xcassets */ = {isa = PBXFileReference; lastKnownFileType = folder.assetcatalog; path = "Preview Assets.xcassets"; sourceTree = "<group>"; };
		50F6BFC22BD4CA6700B62F1D /* AirbnbCloneTests.xctest */ = {isa = PBXFileReference; explicitFileType = wrapper.cfbundle; includeInIndex = 0; path = AirbnbCloneTests.xctest; sourceTree = BUILT_PRODUCTS_DIR; };
		50F6BFC62BD4CA6700B62F1D /* AirbnbCloneTests.swift */ = {isa = PBXFileReference; lastKnownFileType = sourcecode.swift; path = AirbnbCloneTests.swift; sourceTree = "<group>"; };
		50F6BFCC2BD4CA6700B62F1D /* AirbnbCloneUITests.xctest */ = {isa = PBXFileReference; explicitFileType = wrapper.cfbundle; includeInIndex = 0; path = AirbnbCloneUITests.xctest; sourceTree = BUILT_PRODUCTS_DIR; };
		50F6BFD02BD4CA6700B62F1D /* AirbnbCloneUITests.swift */ = {isa = PBXFileReference; lastKnownFileType = sourcecode.swift; path = AirbnbCloneUITests.swift; sourceTree = "<group>"; };
		50F6BFD22BD4CA6700B62F1D /* AirbnbCloneUITestsLaunchTests.swift */ = {isa = PBXFileReference; lastKnownFileType = sourcecode.swift; path = AirbnbCloneUITestsLaunchTests.swift; sourceTree = "<group>"; };
		50F6BFEB2BD4CD7100B62F1D /* ExploreView.swift */ = {isa = PBXFileReference; lastKnownFileType = sourcecode.swift; path = ExploreView.swift; sourceTree = "<group>"; };
		50F6BFF12BD4CF4200B62F1D /* ListingItemView.swift */ = {isa = PBXFileReference; lastKnownFileType = sourcecode.swift; path = ListingItemView.swift; sourceTree = "<group>"; };
		50F6BFF32BD542FF00B62F1D /* SearchAndFilterBar.swift */ = {isa = PBXFileReference; lastKnownFileType = sourcecode.swift; path = SearchAndFilterBar.swift; sourceTree = "<group>"; };
		50F6BFF52BD54A7C00B62F1D /* ListingDetailView.swift */ = {isa = PBXFileReference; lastKnownFileType = sourcecode.swift; path = ListingDetailView.swift; sourceTree = "<group>"; };
		50F6BFF82BD54D7300B62F1D /* ListingImageCarouselView.swift */ = {isa = PBXFileReference; lastKnownFileType = sourcecode.swift; path = ListingImageCarouselView.swift; sourceTree = "<group>"; };
		50F6BFFC2BD6786E00B62F1D /* ListingMapView.swift */ = {isa = PBXFileReference; lastKnownFileType = sourcecode.swift; path = ListingMapView.swift; sourceTree = "<group>"; };
		50F6BFFE2BD67FB100B62F1D /* DestinationSearchView.swift */ = {isa = PBXFileReference; lastKnownFileType = sourcecode.swift; path = DestinationSearchView.swift; sourceTree = "<group>"; };
		50F6C0002BD933DD00B62F1D /* ProfileView.swift */ = {isa = PBXFileReference; lastKnownFileType = sourcecode.swift; path = ProfileView.swift; sourceTree = "<group>"; };
		50F6C0022BD9375000B62F1D /* ProfileOptionRowView.swift */ = {isa = PBXFileReference; lastKnownFileType = sourcecode.swift; path = ProfileOptionRowView.swift; sourceTree = "<group>"; };
		50F6C0042BD9395F00B62F1D /* WishlistsView.swift */ = {isa = PBXFileReference; lastKnownFileType = sourcecode.swift; path = WishlistsView.swift; sourceTree = "<group>"; };
		50F6C0062BD93C7800B62F1D /* MainTabView.swift */ = {isa = PBXFileReference; lastKnownFileType = sourcecode.swift; path = MainTabView.swift; sourceTree = "<group>"; };
		50F6C00A2BD9439B00B62F1D /* Listing.swift */ = {isa = PBXFileReference; lastKnownFileType = sourcecode.swift; path = Listing.swift; sourceTree = "<group>"; };
		50F6C00C2BD94C9700B62F1D /* DeveloperPreview.swift */ = {isa = PBXFileReference; lastKnownFileType = sourcecode.swift; path = DeveloperPreview.swift; sourceTree = "<group>"; };
		50F6C0112BD9543B00B62F1D /* ExploreViewModel.swift */ = {isa = PBXFileReference; lastKnownFileType = sourcecode.swift; path = ExploreViewModel.swift; sourceTree = "<group>"; };
		50F6C0132BD9551F00B62F1D /* ExploreService.swift */ = {isa = PBXFileReference; lastKnownFileType = sourcecode.swift; path = ExploreService.swift; sourceTree = "<group>"; };
/* End PBXFileReference section */

/* Begin PBXFrameworksBuildPhase section */
		50F6BFAF2BD4CA6600B62F1D /* Frameworks */ = {
			isa = PBXFrameworksBuildPhase;
			buildActionMask = 2147483647;
			files = (
			);
			runOnlyForDeploymentPostprocessing = 0;
		};
		50F6BFBF2BD4CA6700B62F1D /* Frameworks */ = {
			isa = PBXFrameworksBuildPhase;
			buildActionMask = 2147483647;
			files = (
			);
			runOnlyForDeploymentPostprocessing = 0;
		};
		50F6BFC92BD4CA6700B62F1D /* Frameworks */ = {
			isa = PBXFrameworksBuildPhase;
			buildActionMask = 2147483647;
			files = (
			);
			runOnlyForDeploymentPostprocessing = 0;
		};
/* End PBXFrameworksBuildPhase section */

/* Begin PBXGroup section */
		50F6BFA92BD4CA6600B62F1D = {
			isa = PBXGroup;
			children = (
				50F6BFB42BD4CA6600B62F1D /* AirbnbClone */,
				50F6BFC52BD4CA6700B62F1D /* AirbnbCloneTests */,
				50F6BFCF2BD4CA6700B62F1D /* AirbnbCloneUITests */,
				50F6BFB32BD4CA6600B62F1D /* Products */,
			);
			sourceTree = "<group>";
		};
		50F6BFB32BD4CA6600B62F1D /* Products */ = {
			isa = PBXGroup;
			children = (
				50F6BFB22BD4CA6600B62F1D /* AirbnbClone.app */,
				50F6BFC22BD4CA6700B62F1D /* AirbnbCloneTests.xctest */,
				50F6BFCC2BD4CA6700B62F1D /* AirbnbCloneUITests.xctest */,
			);
			name = Products;
			sourceTree = "<group>";
		};
		50F6BFB42BD4CA6600B62F1D /* AirbnbClone */ = {
			isa = PBXGroup;
			children = (
				50F6BFE22BD4CAB000B62F1D /* App */,
				50F6BFE12BD4CAAA00B62F1D /* Core */,
				50F6BFE02BD4CA9700B62F1D /* Extensions */,
				50F6BFDF2BD4CA9200B62F1D /* Models */,
				50F6BFE32BD4CB1A00B62F1D /* Utils */,
				50F6BFB72BD4CA6600B62F1D /* ContentView.swift */,
				50F6BFB92BD4CA6700B62F1D /* Assets.xcassets */,
				50F6BFBB2BD4CA6700B62F1D /* Preview Content */,
			);
			path = AirbnbClone;
			sourceTree = "<group>";
		};
		50F6BFBB2BD4CA6700B62F1D /* Preview Content */ = {
			isa = PBXGroup;
			children = (
				50F6BFBC2BD4CA6700B62F1D /* Preview Assets.xcassets */,
			);
			path = "Preview Content";
			sourceTree = "<group>";
		};
		50F6BFC52BD4CA6700B62F1D /* AirbnbCloneTests */ = {
			isa = PBXGroup;
			children = (
				50F6BFC62BD4CA6700B62F1D /* AirbnbCloneTests.swift */,
			);
			path = AirbnbCloneTests;
			sourceTree = "<group>";
		};
		50F6BFCF2BD4CA6700B62F1D /* AirbnbCloneUITests */ = {
			isa = PBXGroup;
			children = (
				50F6BFD02BD4CA6700B62F1D /* AirbnbCloneUITests.swift */,
				50F6BFD22BD4CA6700B62F1D /* AirbnbCloneUITestsLaunchTests.swift */,
			);
			path = AirbnbCloneUITests;
			sourceTree = "<group>";
		};
		50F6BFDF2BD4CA9200B62F1D /* Models */ = {
			isa = PBXGroup;
			children = (
			);
			path = Models;
			sourceTree = "<group>";
		};
		50F6BFE02BD4CA9700B62F1D /* Extensions */ = {
			isa = PBXGroup;
			children = (
				50F6C00C2BD94C9700B62F1D /* DeveloperPreview.swift */,
				50B2CF8B2BD97F0000B6A323 /* Regions.swift */,
			);
			path = Extensions;
			sourceTree = "<group>";
		};
		50F6BFE12BD4CAAA00B62F1D /* Core */ = {
			isa = PBXGroup;
			children = (
				50F6BFF72BD54D4100B62F1D /* Components */,
				50F6BFE42BD4CB5000B62F1D /* Explore */,
				50F6BFE62BD4CB6200B62F1D /* MapView */,
				50F6BFE52BD4CB5900B62F1D /* Listings */,
				50F6BFE72BD4CB6C00B62F1D /* Profile */,
				50F6BFE82BD4CC1600B62F1D /* Root */,
				50F6BFE92BD4CC3F00B62F1D /* TabBar */,
				50F6BFEA2BD4CC4800B62F1D /* Wishlists */,
			);
			path = Core;
			sourceTree = "<group>";
		};
		50F6BFE22BD4CAB000B62F1D /* App */ = {
			isa = PBXGroup;
			children = (
				50F6BFB52BD4CA6600B62F1D /* AirbnbCloneApp.swift */,
			);
			path = App;
			sourceTree = "<group>";
		};
		50F6BFE32BD4CB1A00B62F1D /* Utils */ = {
			isa = PBXGroup;
			children = (
			);
			path = Utils;
			sourceTree = "<group>";
		};
		50F6BFE42BD4CB5000B62F1D /* Explore */ = {
			isa = PBXGroup;
			children = (
				50F6C0102BD953F600B62F1D /* ViewModel */,
				50F6C00F2BD953EF00B62F1D /* View */,
				50F6C00E2BD953E500B62F1D /* Service */,
				50F6C0132BD9551F00B62F1D /* ExploreService.swift */,
			);
			path = Explore;
			sourceTree = "<group>";
		};
		50F6BFE52BD4CB5900B62F1D /* Listings */ = {
			isa = PBXGroup;
			children = (
				50F6C0092BD9436400B62F1D /* View */,
				50F6C0082BD9435400B62F1D /* Model */,
			);
			path = Listings;
			sourceTree = "<group>";
		};
		50F6BFE62BD4CB6200B62F1D /* MapView */ = {
			isa = PBXGroup;
			children = (
			);
			path = MapView;
			sourceTree = "<group>";
		};
		50F6BFE72BD4CB6C00B62F1D /* Profile */ = {
			isa = PBXGroup;
			children = (
				50F6C0002BD933DD00B62F1D /* ProfileView.swift */,
				50F6C0022BD9375000B62F1D /* ProfileOptionRowView.swift */,
			);
			path = Profile;
			sourceTree = "<group>";
		};
		50F6BFE82BD4CC1600B62F1D /* Root */ = {
			isa = PBXGroup;
			children = (
			);
			path = Root;
			sourceTree = "<group>";
		};
		50F6BFE92BD4CC3F00B62F1D /* TabBar */ = {
			isa = PBXGroup;
			children = (
				50F6C0062BD93C7800B62F1D /* MainTabView.swift */,
			);
			path = TabBar;
			sourceTree = "<group>";
		};
		50F6BFEA2BD4CC4800B62F1D /* Wishlists */ = {
			isa = PBXGroup;
			children = (
				50F6C0042BD9395F00B62F1D /* WishlistsView.swift */,
			);
			path = Wishlists;
			sourceTree = "<group>";
		};
		50F6BFF72BD54D4100B62F1D /* Components */ = {
			isa = PBXGroup;
			children = (
				50F6BFF82BD54D7300B62F1D /* ListingImageCarouselView.swift */,
			);
			path = Components;
			sourceTree = "<group>";
		};
		50F6C0082BD9435400B62F1D /* Model */ = {
			isa = PBXGroup;
			children = (
				50F6C00A2BD9439B00B62F1D /* Listing.swift */,
			);
			path = Model;
			sourceTree = "<group>";
		};
		50F6C0092BD9436400B62F1D /* View */ = {
			isa = PBXGroup;
			children = (
				50F6BFF12BD4CF4200B62F1D /* ListingItemView.swift */,
				50F6BFF52BD54A7C00B62F1D /* ListingDetailView.swift */,
				50F6BFFC2BD6786E00B62F1D /* ListingMapView.swift */,
			);
			path = View;
			sourceTree = "<group>";
		};
		50F6C00E2BD953E500B62F1D /* Service */ = {
			isa = PBXGroup;
			children = (
			);
			path = Service;
			sourceTree = "<group>";
		};
		50F6C00F2BD953EF00B62F1D /* View */ = {
			isa = PBXGroup;
			children = (
				50F6BFEB2BD4CD7100B62F1D /* ExploreView.swift */,
				50F6BFF32BD542FF00B62F1D /* SearchAndFilterBar.swift */,
				50F6BFFE2BD67FB100B62F1D /* DestinationSearchView.swift */,
			);
			path = View;
			sourceTree = "<group>";
		};
		50F6C0102BD953F600B62F1D /* ViewModel */ = {
			isa = PBXGroup;
			children = (
				50F6C0112BD9543B00B62F1D /* ExploreViewModel.swift */,
			);
			path = ViewModel;
			sourceTree = "<group>";
		};
/* End PBXGroup section */

/* Begin PBXNativeTarget section */
		50F6BFB12BD4CA6600B62F1D /* AirbnbClone */ = {
			isa = PBXNativeTarget;
			buildConfigurationList = 50F6BFD62BD4CA6700B62F1D /* Build configuration list for PBXNativeTarget "AirbnbClone" */;
			buildPhases = (
				50F6BFAE2BD4CA6600B62F1D /* Sources */,
				50F6BFAF2BD4CA6600B62F1D /* Frameworks */,
				50F6BFB02BD4CA6600B62F1D /* Resources */,
			);
			buildRules = (
			);
			dependencies = (
			);
			name = AirbnbClone;
			productName = AirbnbClone;
			productReference = 50F6BFB22BD4CA6600B62F1D /* AirbnbClone.app */;
			productType = "com.apple.product-type.application";
		};
		50F6BFC12BD4CA6700B62F1D /* AirbnbCloneTests */ = {
			isa = PBXNativeTarget;
			buildConfigurationList = 50F6BFD92BD4CA6700B62F1D /* Build configuration list for PBXNativeTarget "AirbnbCloneTests" */;
			buildPhases = (
				50F6BFBE2BD4CA6700B62F1D /* Sources */,
				50F6BFBF2BD4CA6700B62F1D /* Frameworks */,
				50F6BFC02BD4CA6700B62F1D /* Resources */,
			);
			buildRules = (
			);
			dependencies = (
				50F6BFC42BD4CA6700B62F1D /* PBXTargetDependency */,
			);
			name = AirbnbCloneTests;
			productName = AirbnbCloneTests;
			productReference = 50F6BFC22BD4CA6700B62F1D /* AirbnbCloneTests.xctest */;
			productType = "com.apple.product-type.bundle.unit-test";
		};
		50F6BFCB2BD4CA6700B62F1D /* AirbnbCloneUITests */ = {
			isa = PBXNativeTarget;
			buildConfigurationList = 50F6BFDC2BD4CA6700B62F1D /* Build configuration list for PBXNativeTarget "AirbnbCloneUITests" */;
			buildPhases = (
				50F6BFC82BD4CA6700B62F1D /* Sources */,
				50F6BFC92BD4CA6700B62F1D /* Frameworks */,
				50F6BFCA2BD4CA6700B62F1D /* Resources */,
			);
			buildRules = (
			);
			dependencies = (
				50F6BFCE2BD4CA6700B62F1D /* PBXTargetDependency */,
			);
			name = AirbnbCloneUITests;
			productName = AirbnbCloneUITests;
			productReference = 50F6BFCC2BD4CA6700B62F1D /* AirbnbCloneUITests.xctest */;
			productType = "com.apple.product-type.bundle.ui-testing";
		};
/* End PBXNativeTarget section */

/* Begin PBXProject section */
		50F6BFAA2BD4CA6600B62F1D /* Project object */ = {
			isa = PBXProject;
			attributes = {
				BuildIndependentTargetsInParallel = 1;
				LastSwiftUpdateCheck = 1430;
				LastUpgradeCheck = 1430;
				TargetAttributes = {
					50F6BFB12BD4CA6600B62F1D = {
						CreatedOnToolsVersion = 14.3.1;
					};
					50F6BFC12BD4CA6700B62F1D = {
						CreatedOnToolsVersion = 14.3.1;
						TestTargetID = 50F6BFB12BD4CA6600B62F1D;
					};
					50F6BFCB2BD4CA6700B62F1D = {
						CreatedOnToolsVersion = 14.3.1;
						TestTargetID = 50F6BFB12BD4CA6600B62F1D;
					};
				};
			};
			buildConfigurationList = 50F6BFAD2BD4CA6600B62F1D /* Build configuration list for PBXProject "AirbnbClone" */;
			compatibilityVersion = "Xcode 14.0";
			developmentRegion = en;
			hasScannedForEncodings = 0;
			knownRegions = (
				en,
				Base,
			);
			mainGroup = 50F6BFA92BD4CA6600B62F1D;
			productRefGroup = 50F6BFB32BD4CA6600B62F1D /* Products */;
			projectDirPath = "";
			projectRoot = "";
			targets = (
				50F6BFB12BD4CA6600B62F1D /* AirbnbClone */,
				50F6BFC12BD4CA6700B62F1D /* AirbnbCloneTests */,
				50F6BFCB2BD4CA6700B62F1D /* AirbnbCloneUITests */,
			);
		};
/* End PBXProject section */

/* Begin PBXResourcesBuildPhase section */
		50F6BFB02BD4CA6600B62F1D /* Resources */ = {
			isa = PBXResourcesBuildPhase;
			buildActionMask = 2147483647;
			files = (
				50F6BFBD2BD4CA6700B62F1D /* Preview Assets.xcassets in Resources */,
				50F6BFBA2BD4CA6700B62F1D /* Assets.xcassets in Resources */,
			);
			runOnlyForDeploymentPostprocessing = 0;
		};
		50F6BFC02BD4CA6700B62F1D /* Resources */ = {
			isa = PBXResourcesBuildPhase;
			buildActionMask = 2147483647;
			files = (
			);
			runOnlyForDeploymentPostprocessing = 0;
		};
		50F6BFCA2BD4CA6700B62F1D /* Resources */ = {
			isa = PBXResourcesBuildPhase;
			buildActionMask = 2147483647;
			files = (
			);
			runOnlyForDeploymentPostprocessing = 0;
		};
/* End PBXResourcesBuildPhase section */

/* Begin PBXSourcesBuildPhase section */
		50F6BFAE2BD4CA6600B62F1D /* Sources */ = {
			isa = PBXSourcesBuildPhase;
			buildActionMask = 2147483647;
			files = (
				50F6BFF92BD54D7300B62F1D /* ListingImageCarouselView.swift in Sources */,
				50F6C0032BD9375000B62F1D /* ProfileOptionRowView.swift in Sources */,
				50F6BFF22BD4CF4200B62F1D /* ListingItemView.swift in Sources */,
				50F6C0142BD9551F00B62F1D /* ExploreService.swift in Sources */,
				50F6C0052BD9395F00B62F1D /* WishlistsView.swift in Sources */,
				50F6C0012BD933DD00B62F1D /* ProfileView.swift in Sources */,
				50F6C00D2BD94C9700B62F1D /* DeveloperPreview.swift in Sources */,
				50F6BFFD2BD6786E00B62F1D /* ListingMapView.swift in Sources */,
				50F6BFB82BD4CA6600B62F1D /* ContentView.swift in Sources */,
				50F6C0072BD93C7800B62F1D /* MainTabView.swift in Sources */,
				50F6C00B2BD9439B00B62F1D /* Listing.swift in Sources */,
				50F6BFEC2BD4CD7100B62F1D /* ExploreView.swift in Sources */,
				50F6BFFF2BD67FB100B62F1D /* DestinationSearchView.swift in Sources */,
				50B2CF8C2BD97F0000B6A323 /* Regions.swift in Sources */,
				50F6C0122BD9543B00B62F1D /* ExploreViewModel.swift in Sources */,
				50F6BFF42BD542FF00B62F1D /* SearchAndFilterBar.swift in Sources */,
				50F6BFF62BD54A7C00B62F1D /* ListingDetailView.swift in Sources */,
				50F6BFB62BD4CA6600B62F1D /* AirbnbCloneApp.swift in Sources */,
			);
			runOnlyForDeploymentPostprocessing = 0;
		};
		50F6BFBE2BD4CA6700B62F1D /* Sources */ = {
			isa = PBXSourcesBuildPhase;
			buildActionMask = 2147483647;
			files = (
				50F6BFC72BD4CA6700B62F1D /* AirbnbCloneTests.swift in Sources */,
			);
			runOnlyForDeploymentPostprocessing = 0;
		};
		50F6BFC82BD4CA6700B62F1D /* Sources */ = {
			isa = PBXSourcesBuildPhase;
			buildActionMask = 2147483647;
			files = (
				50F6BFD32BD4CA6700B62F1D /* AirbnbCloneUITestsLaunchTests.swift in Sources */,
				50F6BFD12BD4CA6700B62F1D /* AirbnbCloneUITests.swift in Sources */,
			);
			runOnlyForDeploymentPostprocessing = 0;
		};
/* End PBXSourcesBuildPhase section */

/* Begin PBXTargetDependency section */
		50F6BFC42BD4CA6700B62F1D /* PBXTargetDependency */ = {
			isa = PBXTargetDependency;
			target = 50F6BFB12BD4CA6600B62F1D /* AirbnbClone */;
			targetProxy = 50F6BFC32BD4CA6700B62F1D /* PBXContainerItemProxy */;
		};
		50F6BFCE2BD4CA6700B62F1D /* PBXTargetDependency */ = {
			isa = PBXTargetDependency;
			target = 50F6BFB12BD4CA6600B62F1D /* AirbnbClone */;
			targetProxy = 50F6BFCD2BD4CA6700B62F1D /* PBXContainerItemProxy */;
		};
/* End PBXTargetDependency section */

/* Begin XCBuildConfiguration section */
		50F6BFD42BD4CA6700B62F1D /* Debug */ = {
			isa = XCBuildConfiguration;
			buildSettings = {
				ALWAYS_SEARCH_USER_PATHS = NO;
				CLANG_ANALYZER_NONNULL = YES;
				CLANG_ANALYZER_NUMBER_OBJECT_CONVERSION = YES_AGGRESSIVE;
				CLANG_CXX_LANGUAGE_STANDARD = "gnu++20";
				CLANG_ENABLE_MODULES = YES;
				CLANG_ENABLE_OBJC_ARC = YES;
				CLANG_ENABLE_OBJC_WEAK = YES;
				CLANG_WARN_BLOCK_CAPTURE_AUTORELEASING = YES;
				CLANG_WARN_BOOL_CONVERSION = YES;
				CLANG_WARN_COMMA = YES;
				CLANG_WARN_CONSTANT_CONVERSION = YES;
				CLANG_WARN_DEPRECATED_OBJC_IMPLEMENTATIONS = YES;
				CLANG_WARN_DIRECT_OBJC_ISA_USAGE = YES_ERROR;
				CLANG_WARN_DOCUMENTATION_COMMENTS = YES;
				CLANG_WARN_EMPTY_BODY = YES;
				CLANG_WARN_ENUM_CONVERSION = YES;
				CLANG_WARN_INFINITE_RECURSION = YES;
				CLANG_WARN_INT_CONVERSION = YES;
				CLANG_WARN_NON_LITERAL_NULL_CONVERSION = YES;
				CLANG_WARN_OBJC_IMPLICIT_RETAIN_SELF = YES;
				CLANG_WARN_OBJC_LITERAL_CONVERSION = YES;
				CLANG_WARN_OBJC_ROOT_CLASS = YES_ERROR;
				CLANG_WARN_QUOTED_INCLUDE_IN_FRAMEWORK_HEADER = YES;
				CLANG_WARN_RANGE_LOOP_ANALYSIS = YES;
				CLANG_WARN_STRICT_PROTOTYPES = YES;
				CLANG_WARN_SUSPICIOUS_MOVE = YES;
				CLANG_WARN_UNGUARDED_AVAILABILITY = YES_AGGRESSIVE;
				CLANG_WARN_UNREACHABLE_CODE = YES;
				CLANG_WARN__DUPLICATE_METHOD_MATCH = YES;
				COPY_PHASE_STRIP = NO;
				DEBUG_INFORMATION_FORMAT = dwarf;
				ENABLE_STRICT_OBJC_MSGSEND = YES;
				ENABLE_TESTABILITY = YES;
				GCC_C_LANGUAGE_STANDARD = gnu11;
				GCC_DYNAMIC_NO_PIC = NO;
				GCC_NO_COMMON_BLOCKS = YES;
				GCC_OPTIMIZATION_LEVEL = 0;
				GCC_PREPROCESSOR_DEFINITIONS = (
					"DEBUG=1",
					"$(inherited)",
				);
				GCC_WARN_64_TO_32_BIT_CONVERSION = YES;
				GCC_WARN_ABOUT_RETURN_TYPE = YES_ERROR;
				GCC_WARN_UNDECLARED_SELECTOR = YES;
				GCC_WARN_UNINITIALIZED_AUTOS = YES_AGGRESSIVE;
				GCC_WARN_UNUSED_FUNCTION = YES;
				GCC_WARN_UNUSED_VARIABLE = YES;
				IPHONEOS_DEPLOYMENT_TARGET = 16.4;
				MTL_ENABLE_DEBUG_INFO = INCLUDE_SOURCE;
				MTL_FAST_MATH = YES;
				ONLY_ACTIVE_ARCH = YES;
				SDKROOT = iphoneos;
				SWIFT_ACTIVE_COMPILATION_CONDITIONS = DEBUG;
				SWIFT_OPTIMIZATION_LEVEL = "-Onone";
			};
			name = Debug;
		};
		50F6BFD52BD4CA6700B62F1D /* Release */ = {
			isa = XCBuildConfiguration;
			buildSettings = {
				ALWAYS_SEARCH_USER_PATHS = NO;
				CLANG_ANALYZER_NONNULL = YES;
				CLANG_ANALYZER_NUMBER_OBJECT_CONVERSION = YES_AGGRESSIVE;
				CLANG_CXX_LANGUAGE_STANDARD = "gnu++20";
				CLANG_ENABLE_MODULES = YES;
				CLANG_ENABLE_OBJC_ARC = YES;
				CLANG_ENABLE_OBJC_WEAK = YES;
				CLANG_WARN_BLOCK_CAPTURE_AUTORELEASING = YES;
				CLANG_WARN_BOOL_CONVERSION = YES;
				CLANG_WARN_COMMA = YES;
				CLANG_WARN_CONSTANT_CONVERSION = YES;
				CLANG_WARN_DEPRECATED_OBJC_IMPLEMENTATIONS = YES;
				CLANG_WARN_DIRECT_OBJC_ISA_USAGE = YES_ERROR;
				CLANG_WARN_DOCUMENTATION_COMMENTS = YES;
				CLANG_WARN_EMPTY_BODY = YES;
				CLANG_WARN_ENUM_CONVERSION = YES;
				CLANG_WARN_INFINITE_RECURSION = YES;
				CLANG_WARN_INT_CONVERSION = YES;
				CLANG_WARN_NON_LITERAL_NULL_CONVERSION = YES;
				CLANG_WARN_OBJC_IMPLICIT_RETAIN_SELF = YES;
				CLANG_WARN_OBJC_LITERAL_CONVERSION = YES;
				CLANG_WARN_OBJC_ROOT_CLASS = YES_ERROR;
				CLANG_WARN_QUOTED_INCLUDE_IN_FRAMEWORK_HEADER = YES;
				CLANG_WARN_RANGE_LOOP_ANALYSIS = YES;
				CLANG_WARN_STRICT_PROTOTYPES = YES;
				CLANG_WARN_SUSPICIOUS_MOVE = YES;
				CLANG_WARN_UNGUARDED_AVAILABILITY = YES_AGGRESSIVE;
				CLANG_WARN_UNREACHABLE_CODE = YES;
				CLANG_WARN__DUPLICATE_METHOD_MATCH = YES;
				COPY_PHASE_STRIP = NO;
				DEBUG_INFORMATION_FORMAT = "dwarf-with-dsym";
				ENABLE_NS_ASSERTIONS = NO;
				ENABLE_STRICT_OBJC_MSGSEND = YES;
				GCC_C_LANGUAGE_STANDARD = gnu11;
				GCC_NO_COMMON_BLOCKS = YES;
				GCC_WARN_64_TO_32_BIT_CONVERSION = YES;
				GCC_WARN_ABOUT_RETURN_TYPE = YES_ERROR;
				GCC_WARN_UNDECLARED_SELECTOR = YES;
				GCC_WARN_UNINITIALIZED_AUTOS = YES_AGGRESSIVE;
				GCC_WARN_UNUSED_FUNCTION = YES;
				GCC_WARN_UNUSED_VARIABLE = YES;
				IPHONEOS_DEPLOYMENT_TARGET = 16.4;
				MTL_ENABLE_DEBUG_INFO = NO;
				MTL_FAST_MATH = YES;
				SDKROOT = iphoneos;
				SWIFT_COMPILATION_MODE = wholemodule;
				SWIFT_OPTIMIZATION_LEVEL = "-O";
				VALIDATE_PRODUCT = YES;
			};
			name = Release;
		};
		50F6BFD72BD4CA6700B62F1D /* Debug */ = {
			isa = XCBuildConfiguration;
			buildSettings = {
				ASSETCATALOG_COMPILER_APPICON_NAME = AppIcon;
				ASSETCATALOG_COMPILER_GLOBAL_ACCENT_COLOR_NAME = AccentColor;
				CODE_SIGN_STYLE = Automatic;
				CURRENT_PROJECT_VERSION = 1;
				DEVELOPMENT_ASSET_PATHS = "\"AirbnbClone/Preview Content\"";
				ENABLE_PREVIEWS = YES;
				GENERATE_INFOPLIST_FILE = YES;
				INFOPLIST_KEY_UIApplicationSceneManifest_Generation = YES;
				INFOPLIST_KEY_UIApplicationSupportsIndirectInputEvents = YES;
				INFOPLIST_KEY_UILaunchScreen_Generation = YES;
				INFOPLIST_KEY_UISupportedInterfaceOrientations_iPad = "UIInterfaceOrientationPortrait UIInterfaceOrientationPortraitUpsideDown UIInterfaceOrientationLandscapeLeft UIInterfaceOrientationLandscapeRight";
				INFOPLIST_KEY_UISupportedInterfaceOrientations_iPhone = "UIInterfaceOrientationPortrait UIInterfaceOrientationLandscapeLeft UIInterfaceOrientationLandscapeRight";
				LD_RUNPATH_SEARCH_PATHS = (
					"$(inherited)",
					"@executable_path/Frameworks",
				);
				MARKETING_VERSION = 1.0;
				PRODUCT_BUNDLE_IDENTIFIER = Ichi.AirbnbClone;
				PRODUCT_NAME = "$(TARGET_NAME)";
				SWIFT_EMIT_LOC_STRINGS = YES;
				SWIFT_VERSION = 5.0;
				TARGETED_DEVICE_FAMILY = "1,2";
			};
			name = Debug;
		};
		50F6BFD82BD4CA6700B62F1D /* Release */ = {
			isa = XCBuildConfiguration;
			buildSettings = {
				ASSETCATALOG_COMPILER_APPICON_NAME = AppIcon;
				ASSETCATALOG_COMPILER_GLOBAL_ACCENT_COLOR_NAME = AccentColor;
				CODE_SIGN_STYLE = Automatic;
				CURRENT_PROJECT_VERSION = 1;
				DEVELOPMENT_ASSET_PATHS = "\"AirbnbClone/Preview Content\"";
				ENABLE_PREVIEWS = YES;
				GENERATE_INFOPLIST_FILE = YES;
				INFOPLIST_KEY_UIApplicationSceneManifest_Generation = YES;
				INFOPLIST_KEY_UIApplicationSupportsIndirectInputEvents = YES;
				INFOPLIST_KEY_UILaunchScreen_Generation = YES;
				INFOPLIST_KEY_UISupportedInterfaceOrientations_iPad = "UIInterfaceOrientationPortrait UIInterfaceOrientationPortraitUpsideDown UIInterfaceOrientationLandscapeLeft UIInterfaceOrientationLandscapeRight";
				INFOPLIST_KEY_UISupportedInterfaceOrientations_iPhone = "UIInterfaceOrientationPortrait UIInterfaceOrientationLandscapeLeft UIInterfaceOrientationLandscapeRight";
				LD_RUNPATH_SEARCH_PATHS = (
					"$(inherited)",
					"@executable_path/Frameworks",
				);
				MARKETING_VERSION = 1.0;
				PRODUCT_BUNDLE_IDENTIFIER = Ichi.AirbnbClone;
				PRODUCT_NAME = "$(TARGET_NAME)";
				SWIFT_EMIT_LOC_STRINGS = YES;
				SWIFT_VERSION = 5.0;
				TARGETED_DEVICE_FAMILY = "1,2";
			};
			name = Release;
		};
		50F6BFDA2BD4CA6700B62F1D /* Debug */ = {
			isa = XCBuildConfiguration;
			buildSettings = {
				ALWAYS_EMBED_SWIFT_STANDARD_LIBRARIES = YES;
				BUNDLE_LOADER = "$(TEST_HOST)";
				CODE_SIGN_STYLE = Automatic;
				CURRENT_PROJECT_VERSION = 1;
				GENERATE_INFOPLIST_FILE = YES;
				IPHONEOS_DEPLOYMENT_TARGET = 16.4;
				MARKETING_VERSION = 1.0;
				PRODUCT_BUNDLE_IDENTIFIER = Ichi.AirbnbCloneTests;
				PRODUCT_NAME = "$(TARGET_NAME)";
				SWIFT_EMIT_LOC_STRINGS = NO;
				SWIFT_VERSION = 5.0;
				TARGETED_DEVICE_FAMILY = "1,2";
				TEST_HOST = "$(BUILT_PRODUCTS_DIR)/AirbnbClone.app/$(BUNDLE_EXECUTABLE_FOLDER_PATH)/AirbnbClone";
			};
			name = Debug;
		};
		50F6BFDB2BD4CA6700B62F1D /* Release */ = {
			isa = XCBuildConfiguration;
			buildSettings = {
				ALWAYS_EMBED_SWIFT_STANDARD_LIBRARIES = YES;
				BUNDLE_LOADER = "$(TEST_HOST)";
				CODE_SIGN_STYLE = Automatic;
				CURRENT_PROJECT_VERSION = 1;
				GENERATE_INFOPLIST_FILE = YES;
				IPHONEOS_DEPLOYMENT_TARGET = 16.4;
				MARKETING_VERSION = 1.0;
				PRODUCT_BUNDLE_IDENTIFIER = Ichi.AirbnbCloneTests;
				PRODUCT_NAME = "$(TARGET_NAME)";
				SWIFT_EMIT_LOC_STRINGS = NO;
				SWIFT_VERSION = 5.0;
				TARGETED_DEVICE_FAMILY = "1,2";
				TEST_HOST = "$(BUILT_PRODUCTS_DIR)/AirbnbClone.app/$(BUNDLE_EXECUTABLE_FOLDER_PATH)/AirbnbClone";
			};
			name = Release;
		};
		50F6BFDD2BD4CA6700B62F1D /* Debug */ = {
			isa = XCBuildConfiguration;
			buildSettings = {
				ALWAYS_EMBED_SWIFT_STANDARD_LIBRARIES = YES;
				CODE_SIGN_STYLE = Automatic;
				CURRENT_PROJECT_VERSION = 1;
				GENERATE_INFOPLIST_FILE = YES;
				MARKETING_VERSION = 1.0;
				PRODUCT_BUNDLE_IDENTIFIER = Ichi.AirbnbCloneUITests;
				PRODUCT_NAME = "$(TARGET_NAME)";
				SWIFT_EMIT_LOC_STRINGS = NO;
				SWIFT_VERSION = 5.0;
				TARGETED_DEVICE_FAMILY = "1,2";
				TEST_TARGET_NAME = AirbnbClone;
			};
			name = Debug;
		};
		50F6BFDE2BD4CA6700B62F1D /* Release */ = {
			isa = XCBuildConfiguration;
			buildSettings = {
				ALWAYS_EMBED_SWIFT_STANDARD_LIBRARIES = YES;
				CODE_SIGN_STYLE = Automatic;
				CURRENT_PROJECT_VERSION = 1;
				GENERATE_INFOPLIST_FILE = YES;
				MARKETING_VERSION = 1.0;
				PRODUCT_BUNDLE_IDENTIFIER = Ichi.AirbnbCloneUITests;
				PRODUCT_NAME = "$(TARGET_NAME)";
				SWIFT_EMIT_LOC_STRINGS = NO;
				SWIFT_VERSION = 5.0;
				TARGETED_DEVICE_FAMILY = "1,2";
				TEST_TARGET_NAME = AirbnbClone;
			};
			name = Release;
		};
/* End XCBuildConfiguration section */

/* Begin XCConfigurationList section */
		50F6BFAD2BD4CA6600B62F1D /* Build configuration list for PBXProject "AirbnbClone" */ = {
			isa = XCConfigurationList;
			buildConfigurations = (
				50F6BFD42BD4CA6700B62F1D /* Debug */,
				50F6BFD52BD4CA6700B62F1D /* Release */,
			);
			defaultConfigurationIsVisible = 0;
			defaultConfigurationName = Release;
		};
		50F6BFD62BD4CA6700B62F1D /* Build configuration list for PBXNativeTarget "AirbnbClone" */ = {
			isa = XCConfigurationList;
			buildConfigurations = (
				50F6BFD72BD4CA6700B62F1D /* Debug */,
				50F6BFD82BD4CA6700B62F1D /* Release */,
			);
			defaultConfigurationIsVisible = 0;
			defaultConfigurationName = Release;
		};
		50F6BFD92BD4CA6700B62F1D /* Build configuration list for PBXNativeTarget "AirbnbCloneTests" */ = {
			isa = XCConfigurationList;
			buildConfigurations = (
				50F6BFDA2BD4CA6700B62F1D /* Debug */,
				50F6BFDB2BD4CA6700B62F1D /* Release */,
			);
			defaultConfigurationIsVisible = 0;
			defaultConfigurationName = Release;
		};
		50F6BFDC2BD4CA6700B62F1D /* Build configuration list for PBXNativeTarget "AirbnbCloneUITests" */ = {
			isa = XCConfigurationList;
			buildConfigurations = (
				50F6BFDD2BD4CA6700B62F1D /* Debug */,
				50F6BFDE2BD4CA6700B62F1D /* Release */,
			);
			defaultConfigurationIsVisible = 0;
			defaultConfigurationName = Release;
		};
/* End XCConfigurationList section */
	};
	rootObject = 50F6BFAA2BD4CA6600B62F1D /* Project object */;
}
